
Microsoft Visual Studio Solution File, Format Version 12.00
# Visual Studio 14
VisualStudioVersion = 14.0.25420.1
MinimumVisualStudioVersion = 10.0.40219.1
Project("{FAE04EC0-301F-11D3-BF4B-00C04F79EFBC}") = "CashSys", "CashSys\CashSys.csproj", "{A69E10D0-4364-41F8-B078-66C9AB8C8CC1}"
EndProject
Global
	GlobalSection(SolutionConfigurationPlatforms) = preSolution
		Debug|Any CPU = Debug|Any CPU
		Release|Any CPU = Release|Any CPU
	EndGlobalSection
	GlobalSection(ProjectConfigurationPlatforms) = postSolution
		{A69E10D0-4364-41F8-B078-66C9AB8C8CC1}.Debug|Any CPU.ActiveCfg = Debug|Any CPU
		{A69E10D0-4364-41F8-B078-66C9AB8C8CC1}.Debug|Any CPU.Build.0 = Debug|Any CPU
		{A69E10D0-4364-41F8-B078-66C9AB8C8CC1}.Release|Any CPU.ActiveCfg = Release|Any CPU
		{A69E10D0-4364-41F8-B078-66C9AB8C8CC1}.Release|Any CPU.Build.0 = Release|Any CPU
	EndGlobalSection
	GlobalSection(SolutionProperties) = preSolution
		HideSolutionNode = FALSE
	EndGlobalSection
EndGlobal
